{
  "name": "assets",
  "lockfileVersion": 2,
  "requires": true,
  "packages": {
    "": {
      "dependencies": {
        "uplot": "^1.6.15"
      }
    },
    "node_modules/uplot": {
      "version": "1.6.15",
      "resolved": "https://registry.npmjs.org/uplot/-/uplot-1.6.15.tgz",
      "integrity": "sha512-6Fgq9tMaEM9Yu9oLkKd0w7VLJtV8LHG6dBrg1TmYi0LmSLkrj2Hqr11IrHk68cMaExnWAqay6YToQCrMZt1fcQ=="
    }
  },
  "dependencies": {
    "uplot": {
      "version": "1.6.15",
      "resolved": "https://registry.npmjs.org/uplot/-/uplot-1.6.15.tgz",
      "integrity": "sha512-6Fgq9tMaEM9Yu9oLkKd0w7VLJtV8LHG6dBrg1TmYi0LmSLkrj2Hqr11IrHk68cMaExnWAqay6YToQCrMZt1fcQ=="
    }
  }
}
