{
  "name": "assets",
  "lockfileVersion": 2,
  "requires": true,
  "packages": {
    "": {
      "dependencies": {
        "phoenix": "../deps/phoenix",
        "phoenix_html": "file:../deps/phoenix_html",
        "phoenix_live_view": "file:../deps/phoenix_live_view",
        "uplot": "^1.6.15"
      },
      "devDependencies": {
        "prettier": "^2.4.0"
      }
    },
    "../deps/phoenix": {
      "version": "1.5.12",
      "license": "MIT"
    },
    "../deps/phoenix_html": {
      "version": "3.0.3"
    },
    "../deps/phoenix_live_view": {
      "version": "0.16.3",
      "license": "MIT"
    },
    "node_modules/phoenix": {
      "resolved": "../deps/phoenix",
      "link": true
    },
    "node_modules/phoenix_html": {
      "resolved": "../deps/phoenix_html",
      "link": true
    },
    "node_modules/phoenix_live_view": {
      "resolved": "../deps/phoenix_live_view",
      "link": true
    },
    "node_modules/prettier": {
      "version": "2.4.0",
      "resolved": "https://registry.npmjs.org/prettier/-/prettier-2.4.0.tgz",
      "integrity": "sha512-DsEPLY1dE5HF3BxCRBmD4uYZ+5DCbvatnolqTqcxEgKVZnL2kUfyu7b8pPQ5+hTBkdhU9SLUmK0/pHb07RE4WQ==",
      "dev": true,
      "bin": {
        "prettier": "bin-prettier.js"
      },
      "engines": {
        "node": ">=10.13.0"
      }
    },
    "node_modules/uplot": {
      "version": "1.6.15",
      "resolved": "https://registry.npmjs.org/uplot/-/uplot-1.6.15.tgz",
      "integrity": "sha512-6Fgq9tMaEM9Yu9oLkKd0w7VLJtV8LHG6dBrg1TmYi0LmSLkrj2Hqr11IrHk68cMaExnWAqay6YToQCrMZt1fcQ=="
    }
  },
  "dependencies": {
    "phoenix": {
      "version": "file:../deps/phoenix"
    },
    "phoenix_html": {
      "version": "file:../deps/phoenix_html"
    },
    "phoenix_live_view": {
      "version": "file:../deps/phoenix_live_view"
    },
    "prettier": {
      "version": "2.4.0",
      "resolved": "https://registry.npmjs.org/prettier/-/prettier-2.4.0.tgz",
      "integrity": "sha512-DsEPLY1dE5HF3BxCRBmD4uYZ+5DCbvatnolqTqcxEgKVZnL2kUfyu7b8pPQ5+hTBkdhU9SLUmK0/pHb07RE4WQ==",
      "dev": true
    },
    "uplot": {
      "version": "1.6.15",
      "resolved": "https://registry.npmjs.org/uplot/-/uplot-1.6.15.tgz",
      "integrity": "sha512-6Fgq9tMaEM9Yu9oLkKd0w7VLJtV8LHG6dBrg1TmYi0LmSLkrj2Hqr11IrHk68cMaExnWAqay6YToQCrMZt1fcQ=="
    }
  }
}
